// !$*UTF8*$!
{
	archiveVersion = 1;
	classes = {
	};
	objectVersion = 77;
	objects = {

/* Begin PBXContainerItemProxy section */
		C19A55732DA20A0E00EFEF6D /* PBXContainerItemProxy */ = {
			isa = PBXContainerItemProxy;
			containerPortal = C19A55592DA20A0B00EFEF6D /* Project object */;
			proxyType = 1;
			remoteGlobalIDString = C19A55602DA20A0B00EFEF6D;
			remoteInfo = Aspen;
		};
		C19A557D2DA20A0E00EFEF6D /* PBXContainerItemProxy */ = {
			isa = PBXContainerItemProxy;
			containerPortal = C19A55592DA20A0B00EFEF6D /* Project object */;
			proxyType = 1;
			remoteGlobalIDString = C19A55602DA20A0B00EFEF6D;
			remoteInfo = Aspen;
		};
/* End PBXContainerItemProxy section */

/* Begin PBXFileReference section */
		C1F625E42DA20AC80091DEA3 /* Aspen.app */ = {isa = PBXFileReference; explicitFileType = wrapper.application; includeInIndex = 0; name = Aspen.app; path = "/Users/lindenmorgan/Documents/Aspen/Swift/Aspen/build/Debug-iphoneos/Aspen.app"; sourceTree = "<absolute>"; };
		C1F625E52DA20AC80091DEA3 /* AspenTests.xctest */ = {isa = PBXFileReference; explicitFileType = wrapper.cfbundle; includeInIndex = 0; name = AspenTests.xctest; path = "/Users/lindenmorgan/Documents/Aspen/Swift/Aspen/build/Debug-iphoneos/Aspen.app/PlugIns/AspenTests.xctest"; sourceTree = "<absolute>"; };
		C1F625E62DA20AC80091DEA3 /* AspenUITests.xctest */ = {isa = PBXFileReference; explicitFileType = wrapper.cfbundle; includeInIndex = 0; name = AspenUITests.xctest; path = "/Users/lindenmorgan/Documents/Aspen/Swift/Aspen/build/Debug-iphoneos/AspenUITests-Runner.app/PlugIns/AspenUITests.xctest"; sourceTree = "<absolute>"; };
/* End PBXFileReference section */

/* Begin PBXFileSystemSynchronizedBuildFileExceptionSet section */
		C19A55AE2DA20A7600EFEF6D /* Exceptions for "Aspen" folder in "Aspen" target */ = {
			isa = PBXFileSystemSynchronizedBuildFileExceptionSet;
			membershipExceptions = (
				AspenApp.swift,
				Assets.xcassets,
				ContentView.swift,
				Item.swift,
			);
			target = C19A55602DA20A0B00EFEF6D /* Aspen */;
		};
		C19A55AF2DA20A7600EFEF6D /* Exceptions for "Aspen" folder in "AspenTests" target */ = {
			isa = PBXFileSystemSynchronizedBuildFileExceptionSet;
			membershipExceptions = (
				AspenApp.swift,
				Assets.xcassets,
				ContentView.swift,
				Info.plist,
				Item.swift,
			);
			target = C19A55712DA20A0E00EFEF6D /* AspenTests */;
		};
/* End PBXFileSystemSynchronizedBuildFileExceptionSet section */

/* Begin PBXFileSystemSynchronizedRootGroup section */
		C19A55752DA20A0E00EFEF6D /* AspenTests */ = {
			isa = PBXFileSystemSynchronizedRootGroup;
			path = AspenTests;
			sourceTree = "<group>";
		};
		C19A557F2DA20A0E00EFEF6D /* AspenUITests */ = {
			isa = PBXFileSystemSynchronizedRootGroup;
			path = AspenUITests;
			sourceTree = "<group>";
		};
		C19A55A92DA20A7600EFEF6D /* Aspen */ = {
			isa = PBXFileSystemSynchronizedRootGroup;
			exceptions = (
				C19A55AE2DA20A7600EFEF6D /* Exceptions for "Aspen" folder in "Aspen" target */,
				C19A55AF2DA20A7600EFEF6D /* Exceptions for "Aspen" folder in "AspenTests" target */,
			);
			path = Aspen;
			sourceTree = "<group>";
		};
/* End PBXFileSystemSynchronizedRootGroup section */

/* Begin PBXFrameworksBuildPhase section */
		C19A555E2DA20A0B00EFEF6D /* Frameworks */ = {
			isa = PBXFrameworksBuildPhase;
			buildActionMask = 2147483647;
			files = (
			);
			runOnlyForDeploymentPostprocessing = 0;
		};
		C19A556F2DA20A0E00EFEF6D /* Frameworks */ = {
			isa = PBXFrameworksBuildPhase;
			buildActionMask = 2147483647;
			files = (
			);
			runOnlyForDeploymentPostprocessing = 0;
		};
		C19A55792DA20A0E00EFEF6D /* Frameworks */ = {
			isa = PBXFrameworksBuildPhase;
			buildActionMask = 2147483647;
			files = (
			);
			runOnlyForDeploymentPostprocessing = 0;
		};
/* End PBXFrameworksBuildPhase section */

/* Begin PBXGroup section */
		C19A55582DA20A0B00EFEF6D = {
			isa = PBXGroup;
			children = (
				C19A55A92DA20A7600EFEF6D /* Aspen */,
				C19A55752DA20A0E00EFEF6D /* AspenTests */,
				C19A557F2DA20A0E00EFEF6D /* AspenUITests */,
			);
			sourceTree = "<group>";
		};
/* End PBXGroup section */

/* Begin PBXNativeTarget section */
		C19A55602DA20A0B00EFEF6D /* Aspen */ = {
			isa = PBXNativeTarget;
			buildConfigurationList = C19A55852DA20A0E00EFEF6D /* Build configuration list for PBXNativeTarget "Aspen" */;
			buildPhases = (
				C19A555D2DA20A0B00EFEF6D /* Sources */,
				C19A555E2DA20A0B00EFEF6D /* Frameworks */,
				C19A555F2DA20A0B00EFEF6D /* Resources */,
			);
			buildRules = (
			);
			dependencies = (
			);
			name = Aspen;
			packageProductDependencies = (
			);
			productName = Aspen;
			productReference = C1F625E42DA20AC80091DEA3 /* Aspen.app */;
			productType = "com.apple.product-type.application";
		};
		C19A55712DA20A0E00EFEF6D /* AspenTests */ = {
			isa = PBXNativeTarget;
			buildConfigurationList = C19A558A2DA20A0E00EFEF6D /* Build configuration list for PBXNativeTarget "AspenTests" */;
			buildPhases = (
				C19A556E2DA20A0E00EFEF6D /* Sources */,
				C19A556F2DA20A0E00EFEF6D /* Frameworks */,
				C19A55702DA20A0E00EFEF6D /* Resources */,
			);
			buildRules = (
			);
			dependencies = (
				C19A55742DA20A0E00EFEF6D /* PBXTargetDependency */,
			);
			fileSystemSynchronizedGroups = (
				C19A55752DA20A0E00EFEF6D /* AspenTests */,
				C19A55A92DA20A7600EFEF6D /* Aspen */,
			);
			name = AspenTests;
			packageProductDependencies = (
			);
			productName = AspenTests;
			productReference = C1F625E52DA20AC80091DEA3 /* AspenTests.xctest */;
			productType = "com.apple.product-type.bundle.unit-test";
		};
		C19A557B2DA20A0E00EFEF6D /* AspenUITests */ = {
			isa = PBXNativeTarget;
			buildConfigurationList = C19A558D2DA20A0E00EFEF6D /* Build configuration list for PBXNativeTarget "AspenUITests" */;
			buildPhases = (
				C19A55782DA20A0E00EFEF6D /* Sources */,
				C19A55792DA20A0E00EFEF6D /* Frameworks */,
				C19A557A2DA20A0E00EFEF6D /* Resources */,
			);
			buildRules = (
			);
			dependencies = (
				C19A557E2DA20A0E00EFEF6D /* PBXTargetDependency */,
			);
			fileSystemSynchronizedGroups = (
				C19A557F2DA20A0E00EFEF6D /* AspenUITests */,
			);
			name = AspenUITests;
			packageProductDependencies = (
			);
			productName = AspenUITests;
			productReference = C1F625E62DA20AC80091DEA3 /* AspenUITests.xctest */;
			productType = "com.apple.product-type.bundle.ui-testing";
		};
/* End PBXNativeTarget section */

/* Begin PBXProject section */
		C19A55592DA20A0B00EFEF6D /* Project object */ = {
			isa = PBXProject;
			attributes = {
				BuildIndependentTargetsInParallel = 1;
				LastSwiftUpdateCheck = 1630;
				LastUpgradeCheck = 1630;
				TargetAttributes = {
					C19A55602DA20A0B00EFEF6D = {
						CreatedOnToolsVersion = 16.3;
					};
					C19A55712DA20A0E00EFEF6D = {
						CreatedOnToolsVersion = 16.3;
						TestTargetID = C19A55602DA20A0B00EFEF6D;
					};
					C19A557B2DA20A0E00EFEF6D = {
						CreatedOnToolsVersion = 16.3;
						TestTargetID = C19A55602DA20A0B00EFEF6D;
					};
				};
			};
			buildConfigurationList = C19A555C2DA20A0B00EFEF6D /* Build configuration list for PBXProject "Aspen" */;
			developmentRegion = en;
			hasScannedForEncodings = 0;
			knownRegions = (
				en,
				Base,
			);
			mainGroup = C19A55582DA20A0B00EFEF6D;
			minimizedProjectReferenceProxies = 1;
			preferredProjectObjectVersion = 77;
			productRefGroup = C19A55582DA20A0B00EFEF6D;
			projectDirPath = "";
			projectRoot = "";
			targets = (
				C19A55602DA20A0B00EFEF6D /* Aspen */,
				C19A55712DA20A0E00EFEF6D /* AspenTests */,
				C19A557B2DA20A0E00EFEF6D /* AspenUITests */,
			);
		};
/* End PBXProject section */

/* Begin PBXResourcesBuildPhase section */
		C19A555F2DA20A0B00EFEF6D /* Resources */ = {
			isa = PBXResourcesBuildPhase;
			buildActionMask = 2147483647;
			files = (
			);
			runOnlyForDeploymentPostprocessing = 0;
		};
		C19A55702DA20A0E00EFEF6D /* Resources */ = {
			isa = PBXResourcesBuildPhase;
			buildActionMask = 2147483647;
			files = (
			);
			runOnlyForDeploymentPostprocessing = 0;
		};
		C19A557A2DA20A0E00EFEF6D /* Resources */ = {
			isa = PBXResourcesBuildPhase;
			buildActionMask = 2147483647;
			files = (
			);
			runOnlyForDeploymentPostprocessing = 0;
		};
/* End PBXResourcesBuildPhase section */

/* Begin PBXSourcesBuildPhase section */
		C19A555D2DA20A0B00EFEF6D /* Sources */ = {
			isa = PBXSourcesBuildPhase;
			buildActionMask = 2147483647;
			files = (
			);
			runOnlyForDeploymentPostprocessing = 0;
		};
		C19A556E2DA20A0E00EFEF6D /* Sources */ = {
			isa = PBXSourcesBuildPhase;
			buildActionMask = 2147483647;
			files = (
			);
			runOnlyForDeploymentPostprocessing = 0;
		};
		C19A55782DA20A0E00EFEF6D /* Sources */ = {
			isa = PBXSourcesBuildPhase;
			buildActionMask = 2147483647;
			files = (
			);
			runOnlyForDeploymentPostprocessing = 0;
		};
/* End PBXSourcesBuildPhase section */

/* Begin PBXTargetDependency section */
		C19A55742DA20A0E00EFEF6D /* PBXTargetDependency */ = {
			isa = PBXTargetDependency;
			target = C19A55602DA20A0B00EFEF6D /* Aspen */;
			targetProxy = C19A55732DA20A0E00EFEF6D /* PBXContainerItemProxy */;
		};
		C19A557E2DA20A0E00EFEF6D /* PBXTargetDependency */ = {
			isa = PBXTargetDependency;
			target = C19A55602DA20A0B00EFEF6D /* Aspen */;
			targetProxy = C19A557D2DA20A0E00EFEF6D /* PBXContainerItemProxy */;
		};
/* End PBXTargetDependency section */

/* Begin XCBuildConfiguration section */
		C19A55862DA20A0E00EFEF6D /* Debug */ = {
			isa = XCBuildConfiguration;
			buildSettings = {
				ASSETCATALOG_COMPILER_APPICON_NAME = AppIcon;
				ASSETCATALOG_COMPILER_GLOBAL_ACCENT_COLOR_NAME = AccentColor;
				CODE_SIGN_ENTITLEMENTS = Aspen/Aspen.entitlements;
				CODE_SIGN_STYLE = Automatic;
				CURRENT_PROJECT_VERSION = 1;
				ENABLE_PREVIEWS = YES;
				GENERATE_INFOPLIST_FILE = YES;
				INFOPLIST_FILE = Aspen/Info.plist;
				INFOPLIST_KEY_UIApplicationSceneManifest_Generation = YES;
				INFOPLIST_KEY_UIApplicationSupportsIndirectInputEvents = YES;
				INFOPLIST_KEY_UILaunchScreen_Generation = YES;
				INFOPLIST_KEY_UISupportedInterfaceOrientations_iPad = "UIInterfaceOrientationPortrait UIInterfaceOrientationPortraitUpsideDown UIInterfaceOrientationLandscapeLeft UIInterfaceOrientationLandscapeRight";
				INFOPLIST_KEY_UISupportedInterfaceOrientations_iPhone = "UIInterfaceOrientationPortrait UIInterfaceOrientationLandscapeLeft UIInterfaceOrientationLandscapeRight";
				LD_RUNPATH_SEARCH_PATHS = (
					"$(inherited)",
					"@executable_path/Frameworks",
				);
				MARKETING_VERSION = 1.0;
				PRODUCT_BUNDLE_IDENTIFIER = com.distanthaven.Aspen;
				PRODUCT_NAME = "$(TARGET_NAME)";
				SWIFT_EMIT_LOC_STRINGS = YES;
				SWIFT_VERSION = 5.0;
				TARGETED_DEVICE_FAMILY = "1,2";
			};
			name = Debug;
		};
		C19A55872DA20A0E00EFEF6D /* Release */ = {
			isa = XCBuildConfiguration;
			buildSettings = {
				ASSETCATALOG_COMPILER_APPICON_NAME = AppIcon;
				ASSETCATALOG_COMPILER_GLOBAL_ACCENT_COLOR_NAME = AccentColor;
				CODE_SIGN_ENTITLEMENTS = Aspen/Aspen.entitlements;
				CODE_SIGN_STYLE = Automatic;
				CURRENT_PROJECT_VERSION = 1;
				ENABLE_PREVIEWS = YES;
				GENERATE_INFOPLIST_FILE = YES;
				INFOPLIST_FILE = Aspen/Info.plist;
				INFOPLIST_KEY_UIApplicationSceneManifest_Generation = YES;
				INFOPLIST_KEY_UIApplicationSupportsIndirectInputEvents = YES;
				INFOPLIST_KEY_UILaunchScreen_Generation = YES;
				INFOPLIST_KEY_UISupportedInterfaceOrientations_iPad = "UIInterfaceOrientationPortrait UIInterfaceOrientationPortraitUpsideDown UIInterfaceOrientationLandscapeLeft UIInterfaceOrientationLandscapeRight";
				INFOPLIST_KEY_UISupportedInterfaceOrientations_iPhone = "UIInterfaceOrientationPortrait UIInterfaceOrientationLandscapeLeft UIInterfaceOrientationLandscapeRight";
				LD_RUNPATH_SEARCH_PATHS = (
					"$(inherited)",
					"@executable_path/Frameworks",
				);
				MARKETING_VERSION = 1.0;
				PRODUCT_BUNDLE_IDENTIFIER = com.distanthaven.Aspen;
				PRODUCT_NAME = "$(TARGET_NAME)";
				SWIFT_EMIT_LOC_STRINGS = YES;
				SWIFT_VERSION = 5.0;
				TARGETED_DEVICE_FAMILY = "1,2";
			};
			name = Release;
		};
		C19A55882DA20A0E00EFEF6D /* Debug */ = {
			isa = XCBuildConfiguration;
			buildSettings = {
				ALWAYS_SEARCH_USER_PATHS = NO;
				ASSETCATALOG_COMPILER_GENERATE_SWIFT_ASSET_SYMBOL_EXTENSIONS = YES;
				CLANG_ANALYZER_NONNULL = YES;
				CLANG_ANALYZER_NUMBER_OBJECT_CONVERSION = YES_AGGRESSIVE;
				CLANG_CXX_LANGUAGE_STANDARD = "gnu++20";
				CLANG_ENABLE_MODULES = YES;
				CLANG_ENABLE_OBJC_ARC = YES;
				CLANG_ENABLE_OBJC_WEAK = YES;
				CLANG_WARN_BLOCK_CAPTURE_AUTORELEASING = YES;
				CLANG_WARN_BOOL_CONVERSION = YES;
				CLANG_WARN_COMMA = YES;
				CLANG_WARN_CONSTANT_CONVERSION = YES;
				CLANG_WARN_DEPRECATED_OBJC_IMPLEMENTATIONS = YES;
				CLANG_WARN_DIRECT_OBJC_ISA_USAGE = YES_ERROR;
				CLANG_WARN_DOCUMENTATION_COMMENTS = YES;
				CLANG_WARN_EMPTY_BODY = YES;
				CLANG_WARN_ENUM_CONVERSION = YES;
				CLANG_WARN_INFINITE_RECURSION = YES;
				CLANG_WARN_INT_CONVERSION = YES;
				CLANG_WARN_NON_LITERAL_NULL_CONVERSION = YES;
				CLANG_WARN_OBJC_IMPLICIT_RETAIN_SELF = YES;
				CLANG_WARN_OBJC_LITERAL_CONVERSION = YES;
				CLANG_WARN_OBJC_ROOT_CLASS = YES_ERROR;
				CLANG_WARN_QUOTED_INCLUDE_IN_FRAMEWORK_HEADER = YES;
				CLANG_WARN_RANGE_LOOP_ANALYSIS = YES;
				CLANG_WARN_STRICT_PROTOTYPES = YES;
				CLANG_WARN_SUSPICIOUS_MOVE = YES;
				CLANG_WARN_UNGUARDED_AVAILABILITY = YES_AGGRESSIVE;
				CLANG_WARN_UNREACHABLE_CODE = YES;
				CLANG_WARN__DUPLICATE_METHOD_MATCH = YES;
				COPY_PHASE_STRIP = NO;
				DEBUG_INFORMATION_FORMAT = dwarf;
				ENABLE_STRICT_OBJC_MSGSEND = YES;
				ENABLE_TESTABILITY = YES;
				ENABLE_USER_SCRIPT_SANDBOXING = YES;
				GCC_C_LANGUAGE_STANDARD = gnu17;
				GCC_DYNAMIC_NO_PIC = NO;
				GCC_NO_COMMON_BLOCKS = YES;
				GCC_OPTIMIZATION_LEVEL = 0;
				GCC_PREPROCESSOR_DEFINITIONS = (
					"DEBUG=1",
					"$(inherited)",
				);
				GCC_WARN_64_TO_32_BIT_CONVERSION = YES;
				GCC_WARN_ABOUT_RETURN_TYPE = YES_ERROR;
				GCC_WARN_UNDECLARED_SELECTOR = YES;
				GCC_WARN_UNINITIALIZED_AUTOS = YES_AGGRESSIVE;
				GCC_WARN_UNUSED_FUNCTION = YES;
				GCC_WARN_UNUSED_VARIABLE = YES;
				IPHONEOS_DEPLOYMENT_TARGET = 18.4;
				LOCALIZATION_PREFERS_STRING_CATALOGS = YES;
				MTL_ENABLE_DEBUG_INFO = INCLUDE_SOURCE;
				MTL_FAST_MATH = YES;
				ONLY_ACTIVE_ARCH = YES;
				SDKROOT = iphoneos;
				SWIFT_ACTIVE_COMPILATION_CONDITIONS = "DEBUG $(inherited)";
				SWIFT_OPTIMIZATION_LEVEL = "-Onone";
			};
			name = Debug;
		};
		C19A55892DA20A0E00EFEF6D /* Release */ = {
			isa = XCBuildConfiguration;
			buildSettings = {
				ALWAYS_SEARCH_USER_PATHS = NO;
				ASSETCATALOG_COMPILER_GENERATE_SWIFT_ASSET_SYMBOL_EXTENSIONS = YES;
				CLANG_ANALYZER_NONNULL = YES;
				CLANG_ANALYZER_NUMBER_OBJECT_CONVERSION = YES_AGGRESSIVE;
				CLANG_CXX_LANGUAGE_STANDARD = "gnu++20";
				CLANG_ENABLE_MODULES = YES;
				CLANG_ENABLE_OBJC_ARC = YES;
				CLANG_ENABLE_OBJC_WEAK = YES;
				CLANG_WARN_BLOCK_CAPTURE_AUTORELEASING = YES;
				CLANG_WARN_BOOL_CONVERSION = YES;
				CLANG_WARN_COMMA = YES;
				CLANG_WARN_CONSTANT_CONVERSION = YES;
				CLANG_WARN_DEPRECATED_OBJC_IMPLEMENTATIONS = YES;
				CLANG_WARN_DIRECT_OBJC_ISA_USAGE = YES_ERROR;
				CLANG_WARN_DOCUMENTATION_COMMENTS = YES;
				CLANG_WARN_EMPTY_BODY = YES;
				CLANG_WARN_ENUM_CONVERSION = YES;
				CLANG_WARN_INFINITE_RECURSION = YES;
				CLANG_WARN_INT_CONVERSION = YES;
				CLANG_WARN_NON_LITERAL_NULL_CONVERSION = YES;
				CLANG_WARN_OBJC_IMPLICIT_RETAIN_SELF = YES;
				CLANG_WARN_OBJC_LITERAL_CONVERSION = YES;
				CLANG_WARN_OBJC_ROOT_CLASS = YES_ERROR;
				CLANG_WARN_QUOTED_INCLUDE_IN_FRAMEWORK_HEADER = YES;
				CLANG_WARN_RANGE_LOOP_ANALYSIS = YES;
				CLANG_WARN_STRICT_PROTOTYPES = YES;
				CLANG_WARN_SUSPICIOUS_MOVE = YES;
				CLANG_WARN_UNGUARDED_AVAILABILITY = YES_AGGRESSIVE;
				CLANG_WARN_UNREACHABLE_CODE = YES;
				CLANG_WARN__DUPLICATE_METHOD_MATCH = YES;
				COPY_PHASE_STRIP = NO;
				DEBUG_INFORMATION_FORMAT = "dwarf-with-dsym";
				ENABLE_NS_ASSERTIONS = NO;
				ENABLE_STRICT_OBJC_MSGSEND = YES;
				ENABLE_USER_SCRIPT_SANDBOXING = YES;
				GCC_C_LANGUAGE_STANDARD = gnu17;
				GCC_NO_COMMON_BLOCKS = YES;
				GCC_WARN_64_TO_32_BIT_CONVERSION = YES;
				GCC_WARN_ABOUT_RETURN_TYPE = YES_ERROR;
				GCC_WARN_UNDECLARED_SELECTOR = YES;
				GCC_WARN_UNINITIALIZED_AUTOS = YES_AGGRESSIVE;
				GCC_WARN_UNUSED_FUNCTION = YES;
				GCC_WARN_UNUSED_VARIABLE = YES;
				IPHONEOS_DEPLOYMENT_TARGET = 18.4;
				LOCALIZATION_PREFERS_STRING_CATALOGS = YES;
				MTL_ENABLE_DEBUG_INFO = NO;
				MTL_FAST_MATH = YES;
				SDKROOT = iphoneos;
				SWIFT_COMPILATION_MODE = wholemodule;
				VALIDATE_PRODUCT = YES;
			};
			name = Release;
		};
		C19A558B2DA20A0E00EFEF6D /* Debug */ = {
			isa = XCBuildConfiguration;
			buildSettings = {
				BUNDLE_LOADER = "$(TEST_HOST)";
				CODE_SIGN_STYLE = Automatic;
				CURRENT_PROJECT_VERSION = 1;
				GENERATE_INFOPLIST_FILE = YES;
				IPHONEOS_DEPLOYMENT_TARGET = 18.4;
				MARKETING_VERSION = 1.0;
				PRODUCT_BUNDLE_IDENTIFIER = com.distanthaven.AspenTests;
				PRODUCT_NAME = "$(TARGET_NAME)";
				SWIFT_EMIT_LOC_STRINGS = NO;
				SWIFT_VERSION = 5.0;
				TARGETED_DEVICE_FAMILY = "1,2";
				TEST_HOST = "$(BUILT_PRODUCTS_DIR)/Aspen.app/$(BUNDLE_EXECUTABLE_FOLDER_PATH)/Aspen";
			};
			name = Debug;
		};
		C19A558C2DA20A0E00EFEF6D /* Release */ = {
			isa = XCBuildConfiguration;
			buildSettings = {
				BUNDLE_LOADER = "$(TEST_HOST)";
				CODE_SIGN_STYLE = Automatic;
				CURRENT_PROJECT_VERSION = 1;
				GENERATE_INFOPLIST_FILE = YES;
				IPHONEOS_DEPLOYMENT_TARGET = 18.4;
				MARKETING_VERSION = 1.0;
				PRODUCT_BUNDLE_IDENTIFIER = com.distanthaven.AspenTests;
				PRODUCT_NAME = "$(TARGET_NAME)";
				SWIFT_EMIT_LOC_STRINGS = NO;
				SWIFT_VERSION = 5.0;
				TARGETED_DEVICE_FAMILY = "1,2";
				TEST_HOST = "$(BUILT_PRODUCTS_DIR)/Aspen.app/$(BUNDLE_EXECUTABLE_FOLDER_PATH)/Aspen";
			};
			name = Release;
		};
		C19A558E2DA20A0E00EFEF6D /* Debug */ = {
			isa = XCBuildConfiguration;
			buildSettings = {
				CODE_SIGN_STYLE = Automatic;
				CURRENT_PROJECT_VERSION = 1;
				GENERATE_INFOPLIST_FILE = YES;
				MARKETING_VERSION = 1.0;
				PRODUCT_BUNDLE_IDENTIFIER = com.distanthaven.AspenUITests;
				PRODUCT_NAME = "$(TARGET_NAME)";
				SWIFT_EMIT_LOC_STRINGS = NO;
				SWIFT_VERSION = 5.0;
				TARGETED_DEVICE_FAMILY = "1,2";
				TEST_TARGET_NAME = Aspen;
			};
			name = Debug;
		};
		C19A558F2DA20A0E00EFEF6D /* Release */ = {
			isa = XCBuildConfiguration;
			buildSettings = {
				CODE_SIGN_STYLE = Automatic;
				CURRENT_PROJECT_VERSION = 1;
				GENERATE_INFOPLIST_FILE = YES;
				MARKETING_VERSION = 1.0;
				PRODUCT_BUNDLE_IDENTIFIER = com.distanthaven.AspenUITests;
				PRODUCT_NAME = "$(TARGET_NAME)";
				SWIFT_EMIT_LOC_STRINGS = NO;
				SWIFT_VERSION = 5.0;
				TARGETED_DEVICE_FAMILY = "1,2";
				TEST_TARGET_NAME = Aspen;
			};
			name = Release;
		};
/* End XCBuildConfiguration section */

/* Begin XCConfigurationList section */
		C19A555C2DA20A0B00EFEF6D /* Build configuration list for PBXProject "Aspen" */ = {
			isa = XCConfigurationList;
			buildConfigurations = (
				C19A55882DA20A0E00EFEF6D /* Debug */,
				C19A55892DA20A0E00EFEF6D /* Release */,
			);
			defaultConfigurationIsVisible = 0;
			defaultConfigurationName = Release;
		};
		C19A55852DA20A0E00EFEF6D /* Build configuration list for PBXNativeTarget "Aspen" */ = {
			isa = XCConfigurationList;
			buildConfigurations = (
				C19A55862DA20A0E00EFEF6D /* Debug */,
				C19A55872DA20A0E00EFEF6D /* Release */,
			);
			defaultConfigurationIsVisible = 0;
			defaultConfigurationName = Release;
		};
		C19A558A2DA20A0E00EFEF6D /* Build configuration list for PBXNativeTarget "AspenTests" */ = {
			isa = XCConfigurationList;
			buildConfigurations = (
				C19A558B2DA20A0E00EFEF6D /* Debug */,
				C19A558C2DA20A0E00EFEF6D /* Release */,
			);
			defaultConfigurationIsVisible = 0;
			defaultConfigurationName = Release;
		};
		C19A558D2DA20A0E00EFEF6D /* Build configuration list for PBXNativeTarget "AspenUITests" */ = {
			isa = XCConfigurationList;
			buildConfigurations = (
				C19A558E2DA20A0E00EFEF6D /* Debug */,
				C19A558F2DA20A0E00EFEF6D /* Release */,
			);
			defaultConfigurationIsVisible = 0;
			defaultConfigurationName = Release;
		};
/* End XCConfigurationList section */
	};
	rootObject = C19A55592DA20A0B00EFEF6D /* Project object */;
}
